// !$*UTF8*$!
{
	archiveVersion = 1;
	classes = {
	};
	objectVersion = 46;
	objects = {

/* Begin PBXBuildFile section */
		722CB1F21F20435700EAB81D /* OTMData.swift in Sources */ = {isa = PBXBuildFile; fileRef = 722CB1F11F20435700EAB81D /* OTMData.swift */; };
		722CB1F41F219ECB00EAB81D /* PreviewViewController.swift in Sources */ = {isa = PBXBuildFile; fileRef = 722CB1F31F219ECB00EAB81D /* PreviewViewController.swift */; };
		722CB1F61F22DDF800EAB81D /* UIMethods.swift in Sources */ = {isa = PBXBuildFile; fileRef = 722CB1F51F22DDF800EAB81D /* UIMethods.swift */; };
		72464F6B1F17FD5400A0E6E1 /* AppDelegate.swift in Sources */ = {isa = PBXBuildFile; fileRef = 72464F6A1F17FD5400A0E6E1 /* AppDelegate.swift */; };
		72464F6D1F17FD5400A0E6E1 /* LoginViewController.swift in Sources */ = {isa = PBXBuildFile; fileRef = 72464F6C1F17FD5400A0E6E1 /* LoginViewController.swift */; };
		72464F701F17FD5400A0E6E1 /* Main.storyboard in Resources */ = {isa = PBXBuildFile; fileRef = 72464F6E1F17FD5400A0E6E1 /* Main.storyboard */; };
		72464F721F17FD5400A0E6E1 /* Assets.xcassets in Resources */ = {isa = PBXBuildFile; fileRef = 72464F711F17FD5400A0E6E1 /* Assets.xcassets */; };
		72464F751F17FD5400A0E6E1 /* LaunchScreen.storyboard in Resources */ = {isa = PBXBuildFile; fileRef = 72464F731F17FD5400A0E6E1 /* LaunchScreen.storyboard */; };
		72464F801F17FD5400A0E6E1 /* OnTheMap1Tests.swift in Sources */ = {isa = PBXBuildFile; fileRef = 72464F7F1F17FD5400A0E6E1 /* OnTheMap1Tests.swift */; };
		72464F8B1F17FD5400A0E6E1 /* OnTheMap1UITests.swift in Sources */ = {isa = PBXBuildFile; fileRef = 72464F8A1F17FD5400A0E6E1 /* OnTheMap1UITests.swift */; };
		7269DC091F1EED47001FF054 /* ParseClient.swift in Sources */ = {isa = PBXBuildFile; fileRef = 7269DC081F1EED47001FF054 /* ParseClient.swift */; };
		7269DC0B1F1EED58001FF054 /* ParseConstants.swift in Sources */ = {isa = PBXBuildFile; fileRef = 7269DC0A1F1EED58001FF054 /* ParseConstants.swift */; };
		7269DC0D1F1EED66001FF054 /* ParseConvenience.swift in Sources */ = {isa = PBXBuildFile; fileRef = 7269DC0C1F1EED66001FF054 /* ParseConvenience.swift */; };
		7269DC0F1F1F0251001FF054 /* StudentInfo.swift in Sources */ = {isa = PBXBuildFile; fileRef = 7269DC0E1F1F0251001FF054 /* StudentInfo.swift */; };
		7269DC111F1F06F3001FF054 /* UdacityUserInfo.swift in Sources */ = {isa = PBXBuildFile; fileRef = 7269DC101F1F06F3001FF054 /* UdacityUserInfo.swift */; };
		7299D1651F1856D40036A3C0 /* UdacityClient.swift in Sources */ = {isa = PBXBuildFile; fileRef = 7299D1641F1856D40036A3C0 /* UdacityClient.swift */; };
		7299D1671F1AFC5A0036A3C0 /* UdacityConstants.swift in Sources */ = {isa = PBXBuildFile; fileRef = 7299D1661F1AFC5A0036A3C0 /* UdacityConstants.swift */; };
		7299D1691F1B01A70036A3C0 /* UdacityConvenience.swift in Sources */ = {isa = PBXBuildFile; fileRef = 7299D1681F1B01A70036A3C0 /* UdacityConvenience.swift */; };
		7299D16C1F1C44310036A3C0 /* MainViewController.swift in Sources */ = {isa = PBXBuildFile; fileRef = 7299D16B1F1C44310036A3C0 /* MainViewController.swift */; };
		7299D16E1F1C443D0036A3C0 /* ListViewController.swift in Sources */ = {isa = PBXBuildFile; fileRef = 7299D16D1F1C443D0036A3C0 /* ListViewController.swift */; };
		7299D1701F1C444D0036A3C0 /* MapViewController.swift in Sources */ = {isa = PBXBuildFile; fileRef = 7299D16F1F1C444D0036A3C0 /* MapViewController.swift */; };
		7299D1721F1C44AD0036A3C0 /* NewLocationViewController.swift in Sources */ = {isa = PBXBuildFile; fileRef = 7299D1711F1C44AD0036A3C0 /* NewLocationViewController.swift */; };
/* End PBXBuildFile section */

/* Begin PBXContainerItemProxy section */
		72464F7C1F17FD5400A0E6E1 /* PBXContainerItemProxy */ = {
			isa = PBXContainerItemProxy;
			containerPortal = 72464F5F1F17FD5400A0E6E1 /* Project object */;
			proxyType = 1;
			remoteGlobalIDString = 72464F661F17FD5400A0E6E1;
			remoteInfo = OnTheMap1;
		};
		72464F871F17FD5400A0E6E1 /* PBXContainerItemProxy */ = {
			isa = PBXContainerItemProxy;
			containerPortal = 72464F5F1F17FD5400A0E6E1 /* Project object */;
			proxyType = 1;
			remoteGlobalIDString = 72464F661F17FD5400A0E6E1;
			remoteInfo = OnTheMap1;
		};
/* End PBXContainerItemProxy section */

/* Begin PBXFileReference section */
		722CB1F11F20435700EAB81D /* OTMData.swift */ = {isa = PBXFileReference; fileEncoding = 4; lastKnownFileType = sourcecode.swift; path = OTMData.swift; sourceTree = "<group>"; };
		722CB1F31F219ECB00EAB81D /* PreviewViewController.swift */ = {isa = PBXFileReference; fileEncoding = 4; lastKnownFileType = sourcecode.swift; path = PreviewViewController.swift; sourceTree = "<group>"; };
		722CB1F51F22DDF800EAB81D /* UIMethods.swift */ = {isa = PBXFileReference; fileEncoding = 4; lastKnownFileType = sourcecode.swift; path = UIMethods.swift; sourceTree = "<group>"; };
		72464F671F17FD5400A0E6E1 /* OnTheMap1.app */ = {isa = PBXFileReference; explicitFileType = wrapper.application; includeInIndex = 0; path = OnTheMap1.app; sourceTree = BUILT_PRODUCTS_DIR; };
		72464F6A1F17FD5400A0E6E1 /* AppDelegate.swift */ = {isa = PBXFileReference; lastKnownFileType = sourcecode.swift; path = AppDelegate.swift; sourceTree = "<group>"; };
		72464F6C1F17FD5400A0E6E1 /* LoginViewController.swift */ = {isa = PBXFileReference; lastKnownFileType = sourcecode.swift; path = LoginViewController.swift; sourceTree = "<group>"; };
		72464F6F1F17FD5400A0E6E1 /* Base */ = {isa = PBXFileReference; lastKnownFileType = file.storyboard; name = Base; path = Base.lproj/Main.storyboard; sourceTree = "<group>"; };
		72464F711F17FD5400A0E6E1 /* Assets.xcassets */ = {isa = PBXFileReference; lastKnownFileType = folder.assetcatalog; path = Assets.xcassets; sourceTree = "<group>"; };
		72464F741F17FD5400A0E6E1 /* Base */ = {isa = PBXFileReference; lastKnownFileType = file.storyboard; name = Base; path = Base.lproj/LaunchScreen.storyboard; sourceTree = "<group>"; };
		72464F761F17FD5400A0E6E1 /* Info.plist */ = {isa = PBXFileReference; lastKnownFileType = text.plist.xml; path = Info.plist; sourceTree = "<group>"; };
		72464F7B1F17FD5400A0E6E1 /* OnTheMap1Tests.xctest */ = {isa = PBXFileReference; explicitFileType = wrapper.cfbundle; includeInIndex = 0; path = OnTheMap1Tests.xctest; sourceTree = BUILT_PRODUCTS_DIR; };
		72464F7F1F17FD5400A0E6E1 /* OnTheMap1Tests.swift */ = {isa = PBXFileReference; lastKnownFileType = sourcecode.swift; path = OnTheMap1Tests.swift; sourceTree = "<group>"; };
		72464F811F17FD5400A0E6E1 /* Info.plist */ = {isa = PBXFileReference; lastKnownFileType = text.plist.xml; path = Info.plist; sourceTree = "<group>"; };
		72464F861F17FD5400A0E6E1 /* OnTheMap1UITests.xctest */ = {isa = PBXFileReference; explicitFileType = wrapper.cfbundle; includeInIndex = 0; path = OnTheMap1UITests.xctest; sourceTree = BUILT_PRODUCTS_DIR; };
		72464F8A1F17FD5400A0E6E1 /* OnTheMap1UITests.swift */ = {isa = PBXFileReference; lastKnownFileType = sourcecode.swift; path = OnTheMap1UITests.swift; sourceTree = "<group>"; };
		72464F8C1F17FD5400A0E6E1 /* Info.plist */ = {isa = PBXFileReference; lastKnownFileType = text.plist.xml; path = Info.plist; sourceTree = "<group>"; };
		7269DC081F1EED47001FF054 /* ParseClient.swift */ = {isa = PBXFileReference; fileEncoding = 4; lastKnownFileType = sourcecode.swift; path = ParseClient.swift; sourceTree = "<group>"; };
		7269DC0A1F1EED58001FF054 /* ParseConstants.swift */ = {isa = PBXFileReference; fileEncoding = 4; lastKnownFileType = sourcecode.swift; path = ParseConstants.swift; sourceTree = "<group>"; };
		7269DC0C1F1EED66001FF054 /* ParseConvenience.swift */ = {isa = PBXFileReference; fileEncoding = 4; lastKnownFileType = sourcecode.swift; path = ParseConvenience.swift; sourceTree = "<group>"; };
		7269DC0E1F1F0251001FF054 /* StudentInfo.swift */ = {isa = PBXFileReference; fileEncoding = 4; lastKnownFileType = sourcecode.swift; path = StudentInfo.swift; sourceTree = "<group>"; };
		7269DC101F1F06F3001FF054 /* UdacityUserInfo.swift */ = {isa = PBXFileReference; fileEncoding = 4; lastKnownFileType = sourcecode.swift; path = UdacityUserInfo.swift; sourceTree = "<group>"; };
		7299D1641F1856D40036A3C0 /* UdacityClient.swift */ = {isa = PBXFileReference; fileEncoding = 4; lastKnownFileType = sourcecode.swift; path = UdacityClient.swift; sourceTree = "<group>"; };
		7299D1661F1AFC5A0036A3C0 /* UdacityConstants.swift */ = {isa = PBXFileReference; fileEncoding = 4; lastKnownFileType = sourcecode.swift; path = UdacityConstants.swift; sourceTree = "<group>"; };
		7299D1681F1B01A70036A3C0 /* UdacityConvenience.swift */ = {isa = PBXFileReference; fileEncoding = 4; lastKnownFileType = sourcecode.swift; path = UdacityConvenience.swift; sourceTree = "<group>"; };
		7299D16B1F1C44310036A3C0 /* MainViewController.swift */ = {isa = PBXFileReference; fileEncoding = 4; lastKnownFileType = sourcecode.swift; path = MainViewController.swift; sourceTree = "<group>"; };
		7299D16D1F1C443D0036A3C0 /* ListViewController.swift */ = {isa = PBXFileReference; fileEncoding = 4; lastKnownFileType = sourcecode.swift; path = ListViewController.swift; sourceTree = "<group>"; };
		7299D16F1F1C444D0036A3C0 /* MapViewController.swift */ = {isa = PBXFileReference; fileEncoding = 4; lastKnownFileType = sourcecode.swift; path = MapViewController.swift; sourceTree = "<group>"; };
		7299D1711F1C44AD0036A3C0 /* NewLocationViewController.swift */ = {isa = PBXFileReference; fileEncoding = 4; lastKnownFileType = sourcecode.swift; path = NewLocationViewController.swift; sourceTree = "<group>"; };
/* End PBXFileReference section */

/* Begin PBXFrameworksBuildPhase section */
		72464F641F17FD5400A0E6E1 /* Frameworks */ = {
			isa = PBXFrameworksBuildPhase;
			buildActionMask = 2147483647;
			files = (
			);
			runOnlyForDeploymentPostprocessing = 0;
		};
		72464F781F17FD5400A0E6E1 /* Frameworks */ = {
			isa = PBXFrameworksBuildPhase;
			buildActionMask = 2147483647;
			files = (
			);
			runOnlyForDeploymentPostprocessing = 0;
		};
		72464F831F17FD5400A0E6E1 /* Frameworks */ = {
			isa = PBXFrameworksBuildPhase;
			buildActionMask = 2147483647;
			files = (
			);
			runOnlyForDeploymentPostprocessing = 0;
		};
/* End PBXFrameworksBuildPhase section */

/* Begin PBXGroup section */
		72464F5E1F17FD5400A0E6E1 = {
			isa = PBXGroup;
			children = (
				72464F691F17FD5400A0E6E1 /* OnTheMap1 */,
				72464F7E1F17FD5400A0E6E1 /* OnTheMap1Tests */,
				72464F891F17FD5400A0E6E1 /* OnTheMap1UITests */,
				72464F681F17FD5400A0E6E1 /* Products */,
			);
			sourceTree = "<group>";
		};
		72464F681F17FD5400A0E6E1 /* Products */ = {
			isa = PBXGroup;
			children = (
				72464F671F17FD5400A0E6E1 /* OnTheMap1.app */,
				72464F7B1F17FD5400A0E6E1 /* OnTheMap1Tests.xctest */,
				72464F861F17FD5400A0E6E1 /* OnTheMap1UITests.xctest */,
			);
			name = Products;
			sourceTree = "<group>";
		};
		72464F691F17FD5400A0E6E1 /* OnTheMap1 */ = {
			isa = PBXGroup;
			children = (
				7299D1621F1856550036A3C0 /* Controller */,
				7299D1611F18564C0036A3C0 /* Model */,
				72464F6A1F17FD5400A0E6E1 /* AppDelegate.swift */,
				72464F6E1F17FD5400A0E6E1 /* Main.storyboard */,
				72464F711F17FD5400A0E6E1 /* Assets.xcassets */,
				72464F731F17FD5400A0E6E1 /* LaunchScreen.storyboard */,
				72464F761F17FD5400A0E6E1 /* Info.plist */,
			);
			path = OnTheMap1;
			sourceTree = "<group>";
		};
		72464F7E1F17FD5400A0E6E1 /* OnTheMap1Tests */ = {
			isa = PBXGroup;
			children = (
				72464F7F1F17FD5400A0E6E1 /* OnTheMap1Tests.swift */,
				72464F811F17FD5400A0E6E1 /* Info.plist */,
			);
			path = OnTheMap1Tests;
			sourceTree = "<group>";
		};
		72464F891F17FD5400A0E6E1 /* OnTheMap1UITests */ = {
			isa = PBXGroup;
			children = (
				72464F8A1F17FD5400A0E6E1 /* OnTheMap1UITests.swift */,
				72464F8C1F17FD5400A0E6E1 /* Info.plist */,
			);
			path = OnTheMap1UITests;
			sourceTree = "<group>";
		};
		7269DC071F1EED24001FF054 /* Parse */ = {
			isa = PBXGroup;
			children = (
				7269DC081F1EED47001FF054 /* ParseClient.swift */,
				7269DC0A1F1EED58001FF054 /* ParseConstants.swift */,
				7269DC0C1F1EED66001FF054 /* ParseConvenience.swift */,
				7269DC0E1F1F0251001FF054 /* StudentInfo.swift */,
			);
			name = Parse;
			sourceTree = "<group>";
		};
		7299D1611F18564C0036A3C0 /* Model */ = {
			isa = PBXGroup;
			children = (
				7269DC071F1EED24001FF054 /* Parse */,
				7299D1631F1856B10036A3C0 /* Udacity */,
				722CB1F11F20435700EAB81D /* OTMData.swift */,
			);
			name = Model;
			sourceTree = "<group>";
		};
		7299D1621F1856550036A3C0 /* Controller */ = {
			isa = PBXGroup;
			children = (
				72464F6C1F17FD5400A0E6E1 /* LoginViewController.swift */,
				7299D16B1F1C44310036A3C0 /* MainViewController.swift */,
				7299D16D1F1C443D0036A3C0 /* ListViewController.swift */,
				7299D16F1F1C444D0036A3C0 /* MapViewController.swift */,
				7299D1711F1C44AD0036A3C0 /* NewLocationViewController.swift */,
				722CB1F31F219ECB00EAB81D /* PreviewViewController.swift */,
				722CB1F51F22DDF800EAB81D /* UIMethods.swift */,
			);
			name = Controller;
			sourceTree = "<group>";
		};
		7299D1631F1856B10036A3C0 /* Udacity */ = {
			isa = PBXGroup;
			children = (
				7299D1641F1856D40036A3C0 /* UdacityClient.swift */,
				7299D1661F1AFC5A0036A3C0 /* UdacityConstants.swift */,
				7299D1681F1B01A70036A3C0 /* UdacityConvenience.swift */,
				7269DC101F1F06F3001FF054 /* UdacityUserInfo.swift */,
			);
			name = Udacity;
			sourceTree = "<group>";
		};
/* End PBXGroup section */

/* Begin PBXNativeTarget section */
		72464F661F17FD5400A0E6E1 /* OnTheMap1 */ = {
			isa = PBXNativeTarget;
			buildConfigurationList = 72464F8F1F17FD5400A0E6E1 /* Build configuration list for PBXNativeTarget "OnTheMap1" */;
			buildPhases = (
				72464F631F17FD5400A0E6E1 /* Sources */,
				72464F641F17FD5400A0E6E1 /* Frameworks */,
				72464F651F17FD5400A0E6E1 /* Resources */,
			);
			buildRules = (
			);
			dependencies = (
			);
			name = OnTheMap1;
			productName = OnTheMap1;
			productReference = 72464F671F17FD5400A0E6E1 /* OnTheMap1.app */;
			productType = "com.apple.product-type.application";
		};
		72464F7A1F17FD5400A0E6E1 /* OnTheMap1Tests */ = {
			isa = PBXNativeTarget;
			buildConfigurationList = 72464F921F17FD5400A0E6E1 /* Build configuration list for PBXNativeTarget "OnTheMap1Tests" */;
			buildPhases = (
				72464F771F17FD5400A0E6E1 /* Sources */,
				72464F781F17FD5400A0E6E1 /* Frameworks */,
				72464F791F17FD5400A0E6E1 /* Resources */,
			);
			buildRules = (
			);
			dependencies = (
				72464F7D1F17FD5400A0E6E1 /* PBXTargetDependency */,
			);
			name = OnTheMap1Tests;
			productName = OnTheMap1Tests;
			productReference = 72464F7B1F17FD5400A0E6E1 /* OnTheMap1Tests.xctest */;
			productType = "com.apple.product-type.bundle.unit-test";
		};
		72464F851F17FD5400A0E6E1 /* OnTheMap1UITests */ = {
			isa = PBXNativeTarget;
			buildConfigurationList = 72464F951F17FD5400A0E6E1 /* Build configuration list for PBXNativeTarget "OnTheMap1UITests" */;
			buildPhases = (
				72464F821F17FD5400A0E6E1 /* Sources */,
				72464F831F17FD5400A0E6E1 /* Frameworks */,
				72464F841F17FD5400A0E6E1 /* Resources */,
			);
			buildRules = (
			);
			dependencies = (
				72464F881F17FD5400A0E6E1 /* PBXTargetDependency */,
			);
			name = OnTheMap1UITests;
			productName = OnTheMap1UITests;
			productReference = 72464F861F17FD5400A0E6E1 /* OnTheMap1UITests.xctest */;
			productType = "com.apple.product-type.bundle.ui-testing";
		};
/* End PBXNativeTarget section */

/* Begin PBXProject section */
		72464F5F1F17FD5400A0E6E1 /* Project object */ = {
			isa = PBXProject;
			attributes = {
				LastSwiftUpdateCheck = 0830;
				LastUpgradeCheck = 0830;
				ORGANIZATIONNAME = "ziming li";
				TargetAttributes = {
					72464F661F17FD5400A0E6E1 = {
						CreatedOnToolsVersion = 8.3.3;
						DevelopmentTeam = 283DJ7CH6F;
						ProvisioningStyle = Automatic;
					};
					72464F7A1F17FD5400A0E6E1 = {
						CreatedOnToolsVersion = 8.3.3;
						ProvisioningStyle = Automatic;
						TestTargetID = 72464F661F17FD5400A0E6E1;
					};
					72464F851F17FD5400A0E6E1 = {
						CreatedOnToolsVersion = 8.3.3;
						ProvisioningStyle = Automatic;
						TestTargetID = 72464F661F17FD5400A0E6E1;
					};
				};
			};
			buildConfigurationList = 72464F621F17FD5400A0E6E1 /* Build configuration list for PBXProject "OnTheMap1" */;
			compatibilityVersion = "Xcode 3.2";
			developmentRegion = English;
			hasScannedForEncodings = 0;
			knownRegions = (
				en,
				Base,
			);
			mainGroup = 72464F5E1F17FD5400A0E6E1;
			productRefGroup = 72464F681F17FD5400A0E6E1 /* Products */;
			projectDirPath = "";
			projectRoot = "";
			targets = (
				72464F661F17FD5400A0E6E1 /* OnTheMap1 */,
				72464F7A1F17FD5400A0E6E1 /* OnTheMap1Tests */,
				72464F851F17FD5400A0E6E1 /* OnTheMap1UITests */,
			);
		};
/* End PBXProject section */

/* Begin PBXResourcesBuildPhase section */
		72464F651F17FD5400A0E6E1 /* Resources */ = {
			isa = PBXResourcesBuildPhase;
			buildActionMask = 2147483647;
			files = (
				72464F751F17FD5400A0E6E1 /* LaunchScreen.storyboard in Resources */,
				72464F721F17FD5400A0E6E1 /* Assets.xcassets in Resources */,
				72464F701F17FD5400A0E6E1 /* Main.storyboard in Resources */,
			);
			runOnlyForDeploymentPostprocessing = 0;
		};
		72464F791F17FD5400A0E6E1 /* Resources */ = {
			isa = PBXResourcesBuildPhase;
			buildActionMask = 2147483647;
			files = (
			);
			runOnlyForDeploymentPostprocessing = 0;
		};
		72464F841F17FD5400A0E6E1 /* Resources */ = {
			isa = PBXResourcesBuildPhase;
			buildActionMask = 2147483647;
			files = (
			);
			runOnlyForDeploymentPostprocessing = 0;
		};
/* End PBXResourcesBuildPhase section */

/* Begin PBXSourcesBuildPhase section */
		72464F631F17FD5400A0E6E1 /* Sources */ = {
			isa = PBXSourcesBuildPhase;
			buildActionMask = 2147483647;
			files = (
				7299D1701F1C444D0036A3C0 /* MapViewController.swift in Sources */,
				722CB1F61F22DDF800EAB81D /* UIMethods.swift in Sources */,
				7269DC0D1F1EED66001FF054 /* ParseConvenience.swift in Sources */,
				72464F6D1F17FD5400A0E6E1 /* LoginViewController.swift in Sources */,
				7269DC0B1F1EED58001FF054 /* ParseConstants.swift in Sources */,
				7299D1671F1AFC5A0036A3C0 /* UdacityConstants.swift in Sources */,
				722CB1F21F20435700EAB81D /* OTMData.swift in Sources */,
				7299D1721F1C44AD0036A3C0 /* NewLocationViewController.swift in Sources */,
				722CB1F41F219ECB00EAB81D /* PreviewViewController.swift in Sources */,
				72464F6B1F17FD5400A0E6E1 /* AppDelegate.swift in Sources */,
				7299D1691F1B01A70036A3C0 /* UdacityConvenience.swift in Sources */,
				7269DC091F1EED47001FF054 /* ParseClient.swift in Sources */,
				7299D16C1F1C44310036A3C0 /* MainViewController.swift in Sources */,
				7269DC111F1F06F3001FF054 /* UdacityUserInfo.swift in Sources */,
				7269DC0F1F1F0251001FF054 /* StudentInfo.swift in Sources */,
				7299D1651F1856D40036A3C0 /* UdacityClient.swift in Sources */,
				7299D16E1F1C443D0036A3C0 /* ListViewController.swift in Sources */,
			);
			runOnlyForDeploymentPostprocessing = 0;
		};
		72464F771F17FD5400A0E6E1 /* Sources */ = {
			isa = PBXSourcesBuildPhase;
			buildActionMask = 2147483647;
			files = (
				72464F801F17FD5400A0E6E1 /* OnTheMap1Tests.swift in Sources */,
			);
			runOnlyForDeploymentPostprocessing = 0;
		};
		72464F821F17FD5400A0E6E1 /* Sources */ = {
			isa = PBXSourcesBuildPhase;
			buildActionMask = 2147483647;
			files = (
				72464F8B1F17FD5400A0E6E1 /* OnTheMap1UITests.swift in Sources */,
			);
			runOnlyForDeploymentPostprocessing = 0;
		};
/* End PBXSourcesBuildPhase section */

/* Begin PBXTargetDependency section */
		72464F7D1F17FD5400A0E6E1 /* PBXTargetDependency */ = {
			isa = PBXTargetDependency;
			target = 72464F661F17FD5400A0E6E1 /* OnTheMap1 */;
			targetProxy = 72464F7C1F17FD5400A0E6E1 /* PBXContainerItemProxy */;
		};
		72464F881F17FD5400A0E6E1 /* PBXTargetDependency */ = {
			isa = PBXTargetDependency;
			target = 72464F661F17FD5400A0E6E1 /* OnTheMap1 */;
			targetProxy = 72464F871F17FD5400A0E6E1 /* PBXContainerItemProxy */;
		};
/* End PBXTargetDependency section */

/* Begin PBXVariantGroup section */
		72464F6E1F17FD5400A0E6E1 /* Main.storyboard */ = {
			isa = PBXVariantGroup;
			children = (
				72464F6F1F17FD5400A0E6E1 /* Base */,
			);
			name = Main.storyboard;
			sourceTree = "<group>";
		};
		72464F731F17FD5400A0E6E1 /* LaunchScreen.storyboard */ = {
			isa = PBXVariantGroup;
			children = (
				72464F741F17FD5400A0E6E1 /* Base */,
			);
			name = LaunchScreen.storyboard;
			sourceTree = "<group>";
		};
/* End PBXVariantGroup section */

/* Begin XCBuildConfiguration section */
		72464F8D1F17FD5400A0E6E1 /* Debug */ = {
			isa = XCBuildConfiguration;
			buildSettings = {
				ALWAYS_SEARCH_USER_PATHS = NO;
				CLANG_ANALYZER_NONNULL = YES;
				CLANG_ANALYZER_NUMBER_OBJECT_CONVERSION = YES_AGGRESSIVE;
				CLANG_CXX_LANGUAGE_STANDARD = "gnu++0x";
				CLANG_CXX_LIBRARY = "libc++";
				CLANG_ENABLE_MODULES = YES;
				CLANG_ENABLE_OBJC_ARC = YES;
				CLANG_WARN_BOOL_CONVERSION = YES;
				CLANG_WARN_CONSTANT_CONVERSION = YES;
				CLANG_WARN_DIRECT_OBJC_ISA_USAGE = YES_ERROR;
				CLANG_WARN_DOCUMENTATION_COMMENTS = YES;
				CLANG_WARN_EMPTY_BODY = YES;
				CLANG_WARN_ENUM_CONVERSION = YES;
				CLANG_WARN_INFINITE_RECURSION = YES;
				CLANG_WARN_INT_CONVERSION = YES;
				CLANG_WARN_OBJC_ROOT_CLASS = YES_ERROR;
				CLANG_WARN_SUSPICIOUS_MOVE = YES;
				CLANG_WARN_UNREACHABLE_CODE = YES;
				CLANG_WARN__DUPLICATE_METHOD_MATCH = YES;
				"CODE_SIGN_IDENTITY[sdk=iphoneos*]" = "iPhone Developer";
				COPY_PHASE_STRIP = NO;
				DEBUG_INFORMATION_FORMAT = dwarf;
				ENABLE_STRICT_OBJC_MSGSEND = YES;
				ENABLE_TESTABILITY = YES;
				GCC_C_LANGUAGE_STANDARD = gnu99;
				GCC_DYNAMIC_NO_PIC = NO;
				GCC_NO_COMMON_BLOCKS = YES;
				GCC_OPTIMIZATION_LEVEL = 0;
				GCC_PREPROCESSOR_DEFINITIONS = (
					"DEBUG=1",
					"$(inherited)",
				);
				GCC_WARN_64_TO_32_BIT_CONVERSION = YES;
				GCC_WARN_ABOUT_RETURN_TYPE = YES_ERROR;
				GCC_WARN_UNDECLARED_SELECTOR = YES;
				GCC_WARN_UNINITIALIZED_AUTOS = YES_AGGRESSIVE;
				GCC_WARN_UNUSED_FUNCTION = YES;
				GCC_WARN_UNUSED_VARIABLE = YES;
				IPHONEOS_DEPLOYMENT_TARGET = 10.3;
				MTL_ENABLE_DEBUG_INFO = YES;
				ONLY_ACTIVE_ARCH = YES;
				SDKROOT = iphoneos;
				SWIFT_ACTIVE_COMPILATION_CONDITIONS = DEBUG;
				SWIFT_OPTIMIZATION_LEVEL = "-Onone";
				TARGETED_DEVICE_FAMILY = "1,2";
			};
			name = Debug;
		};
		72464F8E1F17FD5400A0E6E1 /* Release */ = {
			isa = XCBuildConfiguration;
			buildSettings = {
				ALWAYS_SEARCH_USER_PATHS = NO;
				CLANG_ANALYZER_NONNULL = YES;
				CLANG_ANALYZER_NUMBER_OBJECT_CONVERSION = YES_AGGRESSIVE;
				CLANG_CXX_LANGUAGE_STANDARD = "gnu++0x";
				CLANG_CXX_LIBRARY = "libc++";
				CLANG_ENABLE_MODULES = YES;
				CLANG_ENABLE_OBJC_ARC = YES;
				CLANG_WARN_BOOL_CONVERSION = YES;
				CLANG_WARN_CONSTANT_CONVERSION = YES;
				CLANG_WARN_DIRECT_OBJC_ISA_USAGE = YES_ERROR;
				CLANG_WARN_DOCUMENTATION_COMMENTS = YES;
				CLANG_WARN_EMPTY_BODY = YES;
				CLANG_WARN_ENUM_CONVERSION = YES;
				CLANG_WARN_INFINITE_RECURSION = YES;
				CLANG_WARN_INT_CONVERSION = YES;
				CLANG_WARN_OBJC_ROOT_CLASS = YES_ERROR;
				CLANG_WARN_SUSPICIOUS_MOVE = YES;
				CLANG_WARN_UNREACHABLE_CODE = YES;
				CLANG_WARN__DUPLICATE_METHOD_MATCH = YES;
				"CODE_SIGN_IDENTITY[sdk=iphoneos*]" = "iPhone Developer";
				COPY_PHASE_STRIP = NO;
				DEBUG_INFORMATION_FORMAT = "dwarf-with-dsym";
				ENABLE_NS_ASSERTIONS = NO;
				ENABLE_STRICT_OBJC_MSGSEND = YES;
				GCC_C_LANGUAGE_STANDARD = gnu99;
				GCC_NO_COMMON_BLOCKS = YES;
				GCC_WARN_64_TO_32_BIT_CONVERSION = YES;
				GCC_WARN_ABOUT_RETURN_TYPE = YES_ERROR;
				GCC_WARN_UNDECLARED_SELECTOR = YES;
				GCC_WARN_UNINITIALIZED_AUTOS = YES_AGGRESSIVE;
				GCC_WARN_UNUSED_FUNCTION = YES;
				GCC_WARN_UNUSED_VARIABLE = YES;
				IPHONEOS_DEPLOYMENT_TARGET = 10.3;
				MTL_ENABLE_DEBUG_INFO = NO;
				SDKROOT = iphoneos;
				SWIFT_OPTIMIZATION_LEVEL = "-Owholemodule";
				TARGETED_DEVICE_FAMILY = "1,2";
				VALIDATE_PRODUCT = YES;
			};
			name = Release;
		};
		72464F901F17FD5400A0E6E1 /* Debug */ = {
			isa = XCBuildConfiguration;
			buildSettings = {
				ASSETCATALOG_COMPILER_APPICON_NAME = AppIcon;
				DEVELOPMENT_TEAM = 283DJ7CH6F;
				INFOPLIST_FILE = OnTheMap1/Info.plist;
				LD_RUNPATH_SEARCH_PATHS = "$(inherited) @executable_path/Frameworks";
				PRODUCT_BUNDLE_IDENTIFIER = com.Reymond.OnTheMap1;
				PRODUCT_NAME = "$(TARGET_NAME)";
				SWIFT_VERSION = 3.0;
			};
			name = Debug;
		};
		72464F911F17FD5400A0E6E1 /* Release */ = {
			isa = XCBuildConfiguration;
			buildSettings = {
				ASSETCATALOG_COMPILER_APPICON_NAME = AppIcon;
				DEVELOPMENT_TEAM = 283DJ7CH6F;
				INFOPLIST_FILE = OnTheMap1/Info.plist;
				LD_RUNPATH_SEARCH_PATHS = "$(inherited) @executable_path/Frameworks";
				PRODUCT_BUNDLE_IDENTIFIER = com.Reymond.OnTheMap1;
				PRODUCT_NAME = "$(TARGET_NAME)";
				SWIFT_VERSION = 3.0;
			};
			name = Release;
		};
		72464F931F17FD5400A0E6E1 /* Debug */ = {
			isa = XCBuildConfiguration;
			buildSettings = {
				ALWAYS_EMBED_SWIFT_STANDARD_LIBRARIES = YES;
				BUNDLE_LOADER = "$(TEST_HOST)";
				INFOPLIST_FILE = OnTheMap1Tests/Info.plist;
				LD_RUNPATH_SEARCH_PATHS = "$(inherited) @executable_path/Frameworks @loader_path/Frameworks";
				PRODUCT_BUNDLE_IDENTIFIER = com.Reymond.OnTheMap1Tests;
				PRODUCT_NAME = "$(TARGET_NAME)";
				SWIFT_VERSION = 3.0;
				TEST_HOST = "$(BUILT_PRODUCTS_DIR)/OnTheMap1.app/OnTheMap1";
			};
			name = Debug;
		};
		72464F941F17FD5400A0E6E1 /* Release */ = {
			isa = XCBuildConfiguration;
			buildSettings = {
				ALWAYS_EMBED_SWIFT_STANDARD_LIBRARIES = YES;
				BUNDLE_LOADER = "$(TEST_HOST)";
				INFOPLIST_FILE = OnTheMap1Tests/Info.plist;
				LD_RUNPATH_SEARCH_PATHS = "$(inherited) @executable_path/Frameworks @loader_path/Frameworks";
				PRODUCT_BUNDLE_IDENTIFIER = com.Reymond.OnTheMap1Tests;
				PRODUCT_NAME = "$(TARGET_NAME)";
				SWIFT_VERSION = 3.0;
				TEST_HOST = "$(BUILT_PRODUCTS_DIR)/OnTheMap1.app/OnTheMap1";
			};
			name = Release;
		};
		72464F961F17FD5400A0E6E1 /* Debug */ = {
			isa = XCBuildConfiguration;
			buildSettings = {
				ALWAYS_EMBED_SWIFT_STANDARD_LIBRARIES = YES;
				INFOPLIST_FILE = OnTheMap1UITests/Info.plist;
				LD_RUNPATH_SEARCH_PATHS = "$(inherited) @executable_path/Frameworks @loader_path/Frameworks";
				PRODUCT_BUNDLE_IDENTIFIER = com.Reymond.OnTheMap1UITests;
				PRODUCT_NAME = "$(TARGET_NAME)";
				SWIFT_VERSION = 3.0;
				TEST_TARGET_NAME = OnTheMap1;
			};
			name = Debug;
		};
		72464F971F17FD5400A0E6E1 /* Release */ = {
			isa = XCBuildConfiguration;
			buildSettings = {
				ALWAYS_EMBED_SWIFT_STANDARD_LIBRARIES = YES;
				INFOPLIST_FILE = OnTheMap1UITests/Info.plist;
				LD_RUNPATH_SEARCH_PATHS = "$(inherited) @executable_path/Frameworks @loader_path/Frameworks";
				PRODUCT_BUNDLE_IDENTIFIER = com.Reymond.OnTheMap1UITests;
				PRODUCT_NAME = "$(TARGET_NAME)";
				SWIFT_VERSION = 3.0;
				TEST_TARGET_NAME = OnTheMap1;
			};
			name = Release;
		};
/* End XCBuildConfiguration section */

/* Begin XCConfigurationList section */
		72464F621F17FD5400A0E6E1 /* Build configuration list for PBXProject "OnTheMap1" */ = {
			isa = XCConfigurationList;
			buildConfigurations = (
				72464F8D1F17FD5400A0E6E1 /* Debug */,
				72464F8E1F17FD5400A0E6E1 /* Release */,
			);
			defaultConfigurationIsVisible = 0;
			defaultConfigurationName = Release;
		};
		72464F8F1F17FD5400A0E6E1 /* Build configuration list for PBXNativeTarget "OnTheMap1" */ = {
			isa = XCConfigurationList;
			buildConfigurations = (
				72464F901F17FD5400A0E6E1 /* Debug */,
				72464F911F17FD5400A0E6E1 /* Release */,
			);
			defaultConfigurationIsVisible = 0;
			defaultConfigurationName = Release;
		};
		72464F921F17FD5400A0E6E1 /* Build configuration list for PBXNativeTarget "OnTheMap1Tests" */ = {
			isa = XCConfigurationList;
			buildConfigurations = (
				72464F931F17FD5400A0E6E1 /* Debug */,
				72464F941F17FD5400A0E6E1 /* Release */,
			);
			defaultConfigurationIsVisible = 0;
			defaultConfigurationName = Release;
		};
		72464F951F17FD5400A0E6E1 /* Build configuration list for PBXNativeTarget "OnTheMap1UITests" */ = {
			isa = XCConfigurationList;
			buildConfigurations = (
				72464F961F17FD5400A0E6E1 /* Debug */,
				72464F971F17FD5400A0E6E1 /* Release */,
			);
			defaultConfigurationIsVisible = 0;
			defaultConfigurationName = Release;
		};
/* End XCConfigurationList section */
	};
	rootObject = 72464F5F1F17FD5400A0E6E1 /* Project object */;
}
